
Microsoft Visual Studio Solution File, Format Version 12.00
# Visual Studio Version 16
VisualStudioVersion = 16.0.29123.88
MinimumVisualStudioVersion = 10.0.40219.1
Project("{E24C65DC-7377-472B-9ABA-BC803B73C61A}") = "Mozart4", "Mozart4\", "{DBE246FE-CA44-4110-86FB-C6C4A75421F9}"
	ProjectSection(WebsiteProperties) = preProject
		TargetFrameworkMoniker = ".NETFramework,Version%3Dv3.5"
		ProjectReferences = "{ACA7F175-4A0B-46CF-81D1-99EA44B3F0EB}|cmpBlog.dll;{8A62EFE4-FB95-43D3-9575-766E6C512160}|cmpNegocio.dll;{4C7CC189-AF67-4319-B1C1-D4C6E4C9E600}|cmpRutinas.dll;{332BFA9D-9626-4380-9615-098A2C530EEF}|cmpSeguridad.dll;{499B467A-1848-4702-B604-2BA0B960317E}|cmpTabla.dll;"
		Debug.AspNetCompiler.VirtualPath = "/Mozart4"
		Debug.AspNetCompiler.PhysicalPath = "Mozart4\"
		Debug.AspNetCompiler.TargetPath = "PrecompiledWeb\Mozart4\"
		Debug.AspNetCompiler.Updateable = "true"
		Debug.AspNetCompiler.ForceOverwrite = "true"
		Debug.AspNetCompiler.FixedNames = "false"
		Debug.AspNetCompiler.Debug = "True"
		Release.AspNetCompiler.VirtualPath = "/Mozart4"
		Release.AspNetCompiler.PhysicalPath = "Mozart4\"
		Release.AspNetCompiler.TargetPath = "PrecompiledWeb\Mozart4\"
		Release.AspNetCompiler.Updateable = "true"
		Release.AspNetCompiler.ForceOverwrite = "true"
		Release.AspNetCompiler.FixedNames = "false"
		Release.AspNetCompiler.Debug = "False"
		VWDPort = "34325"
	EndProjectSection
EndProject
Project("{F184B08F-C81C-45F6-A57F-5ABD9991F28F}") = "cmpBlog", "Mozart4\cmpBlog\cmpBlog.vbproj", "{ACA7F175-4A0B-46CF-81D1-99EA44B3F0EB}"
EndProject
Project("{F184B08F-C81C-45F6-A57F-5ABD9991F28F}") = "cmpNegocio", "Mozart4\cmpNegocio\cmpNegocio.vbproj", "{8A62EFE4-FB95-43D3-9575-766E6C512160}"
EndProject
Project("{F184B08F-C81C-45F6-A57F-5ABD9991F28F}") = "cmpRutinas", "Mozart4\cmpRutinas\cmpRutinas.vbproj", "{4C7CC189-AF67-4319-B1C1-D4C6E4C9E600}"
EndProject
Project("{F184B08F-C81C-45F6-A57F-5ABD9991F28F}") = "cmpSeguridad", "Mozart4\cmpSeguridad\cmpSeguridad.vbproj", "{332BFA9D-9626-4380-9615-098A2C530EEF}"
EndProject
Project("{F184B08F-C81C-45F6-A57F-5ABD9991F28F}") = "cmpTabla", "Mozart4\cmpTabla\cmpTabla.vbproj", "{499B467A-1848-4702-B604-2BA0B960317E}"
EndProject
Global
	GlobalSection(SolutionConfigurationPlatforms) = preSolution
		Debug|.NET = Debug|.NET
		Debug|Any CPU = Debug|Any CPU
		Debug|Mixed Platforms = Debug|Mixed Platforms
		Release|.NET = Release|.NET
		Release|Any CPU = Release|Any CPU
		Release|Mixed Platforms = Release|Mixed Platforms
	EndGlobalSection
	GlobalSection(ProjectConfigurationPlatforms) = postSolution
		{DBE246FE-CA44-4110-86FB-C6C4A75421F9}.Debug|.NET.ActiveCfg = Debug|Any CPU
		{DBE246FE-CA44-4110-86FB-C6C4A75421F9}.Debug|.NET.Build.0 = Debug|Any CPU
		{DBE246FE-CA44-4110-86FB-C6C4A75421F9}.Debug|Any CPU.ActiveCfg = Debug|Any CPU
		{DBE246FE-CA44-4110-86FB-C6C4A75421F9}.Debug|Any CPU.Build.0 = Debug|Any CPU
		{DBE246FE-CA44-4110-86FB-C6C4A75421F9}.Debug|Mixed Platforms.ActiveCfg = Debug|Any CPU
		{DBE246FE-CA44-4110-86FB-C6C4A75421F9}.Debug|Mixed Platforms.Build.0 = Debug|Any CPU
		{DBE246FE-CA44-4110-86FB-C6C4A75421F9}.Release|.NET.ActiveCfg = Debug|Any CPU
		{DBE246FE-CA44-4110-86FB-C6C4A75421F9}.Release|.NET.Build.0 = Debug|Any CPU
		{DBE246FE-CA44-4110-86FB-C6C4A75421F9}.Release|Any CPU.ActiveCfg = Debug|Any CPU
		{DBE246FE-CA44-4110-86FB-C6C4A75421F9}.Release|Any CPU.Build.0 = Debug|Any CPU
		{DBE246FE-CA44-4110-86FB-C6C4A75421F9}.Release|Mixed Platforms.ActiveCfg = Debug|Any CPU
		{DBE246FE-CA44-4110-86FB-C6C4A75421F9}.Release|Mixed Platforms.Build.0 = Debug|Any CPU
		{ACA7F175-4A0B-46CF-81D1-99EA44B3F0EB}.Debug|.NET.ActiveCfg = Debug|Any CPU
		{ACA7F175-4A0B-46CF-81D1-99EA44B3F0EB}.Debug|Any CPU.ActiveCfg = Debug|Any CPU
		{ACA7F175-4A0B-46CF-81D1-99EA44B3F0EB}.Debug|Any CPU.Build.0 = Debug|Any CPU
		{ACA7F175-4A0B-46CF-81D1-99EA44B3F0EB}.Debug|Mixed Platforms.ActiveCfg = Debug|Any CPU
		{ACA7F175-4A0B-46CF-81D1-99EA44B3F0EB}.Debug|Mixed Platforms.Build.0 = Debug|Any CPU
		{ACA7F175-4A0B-46CF-81D1-99EA44B3F0EB}.Release|.NET.ActiveCfg = Release|Any CPU
		{ACA7F175-4A0B-46CF-81D1-99EA44B3F0EB}.Release|Any CPU.ActiveCfg = Release|Any CPU
		{ACA7F175-4A0B-46CF-81D1-99EA44B3F0EB}.Release|Any CPU.Build.0 = Release|Any CPU
		{ACA7F175-4A0B-46CF-81D1-99EA44B3F0EB}.Release|Mixed Platforms.ActiveCfg = Release|Any CPU
		{ACA7F175-4A0B-46CF-81D1-99EA44B3F0EB}.Release|Mixed Platforms.Build.0 = Release|Any CPU
		{8A62EFE4-FB95-43D3-9575-766E6C512160}.Debug|.NET.ActiveCfg = Debug|Any CPU
		{8A62EFE4-FB95-43D3-9575-766E6C512160}.Debug|Any CPU.ActiveCfg = Debug|Any CPU
		{8A62EFE4-FB95-43D3-9575-766E6C512160}.Debug|Any CPU.Build.0 = Debug|Any CPU
		{8A62EFE4-FB95-43D3-9575-766E6C512160}.Debug|Mixed Platforms.ActiveCfg = Debug|Any CPU
		{8A62EFE4-FB95-43D3-9575-766E6C512160}.Debug|Mixed Platforms.Build.0 = Debug|Any CPU
		{8A62EFE4-FB95-43D3-9575-766E6C512160}.Release|.NET.ActiveCfg = Release|Any CPU
		{8A62EFE4-FB95-43D3-9575-766E6C512160}.Release|Any CPU.ActiveCfg = Release|Any CPU
		{8A62EFE4-FB95-43D3-9575-766E6C512160}.Release|Any CPU.Build.0 = Release|Any CPU
		{8A62EFE4-FB95-43D3-9575-766E6C512160}.Release|Mixed Platforms.ActiveCfg = Release|Any CPU
		{8A62EFE4-FB95-43D3-9575-766E6C512160}.Release|Mixed Platforms.Build.0 = Release|Any CPU
		{4C7CC189-AF67-4319-B1C1-D4C6E4C9E600}.Debug|.NET.ActiveCfg = Debug|Any CPU
		{4C7CC189-AF67-4319-B1C1-D4C6E4C9E600}.Debug|Any CPU.ActiveCfg = Debug|Any CPU
		{4C7CC189-AF67-4319-B1C1-D4C6E4C9E600}.Debug|Any CPU.Build.0 = Debug|Any CPU
		{4C7CC189-AF67-4319-B1C1-D4C6E4C9E600}.Debug|Mixed Platforms.ActiveCfg = Debug|Any CPU
		{4C7CC189-AF67-4319-B1C1-D4C6E4C9E600}.Debug|Mixed Platforms.Build.0 = Debug|Any CPU
		{4C7CC189-AF67-4319-B1C1-D4C6E4C9E600}.Release|.NET.ActiveCfg = Release|Any CPU
		{4C7CC189-AF67-4319-B1C1-D4C6E4C9E600}.Release|Any CPU.ActiveCfg = Release|Any CPU
		{4C7CC189-AF67-4319-B1C1-D4C6E4C9E600}.Release|Any CPU.Build.0 = Release|Any CPU
		{4C7CC189-AF67-4319-B1C1-D4C6E4C9E600}.Release|Mixed Platforms.ActiveCfg = Release|Any CPU
		{4C7CC189-AF67-4319-B1C1-D4C6E4C9E600}.Release|Mixed Platforms.Build.0 = Release|Any CPU
		{332BFA9D-9626-4380-9615-098A2C530EEF}.Debug|.NET.ActiveCfg = Debug|Any CPU
		{332BFA9D-9626-4380-9615-098A2C530EEF}.Debug|Any CPU.ActiveCfg = Debug|Any CPU
		{332BFA9D-9626-4380-9615-098A2C530EEF}.Debug|Any CPU.Build.0 = Debug|Any CPU
		{332BFA9D-9626-4380-9615-098A2C530EEF}.Debug|Mixed Platforms.ActiveCfg = Debug|Any CPU
		{332BFA9D-9626-4380-9615-098A2C530EEF}.Debug|Mixed Platforms.Build.0 = Debug|Any CPU
		{332BFA9D-9626-4380-9615-098A2C530EEF}.Release|.NET.ActiveCfg = Release|Any CPU
		{332BFA9D-9626-4380-9615-098A2C530EEF}.Release|Any CPU.ActiveCfg = Release|Any CPU
		{332BFA9D-9626-4380-9615-098A2C530EEF}.Release|Any CPU.Build.0 = Release|Any CPU
		{332BFA9D-9626-4380-9615-098A2C530EEF}.Release|Mixed Platforms.ActiveCfg = Release|Any CPU
		{332BFA9D-9626-4380-9615-098A2C530EEF}.Release|Mixed Platforms.Build.0 = Release|Any CPU
		{499B467A-1848-4702-B604-2BA0B960317E}.Debug|.NET.ActiveCfg = Debug|Any CPU
		{499B467A-1848-4702-B604-2BA0B960317E}.Debug|Any CPU.ActiveCfg = Debug|Any CPU
		{499B467A-1848-4702-B604-2BA0B960317E}.Debug|Any CPU.Build.0 = Debug|Any CPU
		{499B467A-1848-4702-B604-2BA0B960317E}.Debug|Mixed Platforms.ActiveCfg = Debug|Any CPU
		{499B467A-1848-4702-B604-2BA0B960317E}.Debug|Mixed Platforms.Build.0 = Debug|Any CPU
		{499B467A-1848-4702-B604-2BA0B960317E}.Release|.NET.ActiveCfg = Release|Any CPU
		{499B467A-1848-4702-B604-2BA0B960317E}.Release|Any CPU.ActiveCfg = Release|Any CPU
		{499B467A-1848-4702-B604-2BA0B960317E}.Release|Any CPU.Build.0 = Release|Any CPU
		{499B467A-1848-4702-B604-2BA0B960317E}.Release|Mixed Platforms.ActiveCfg = Release|Any CPU
		{499B467A-1848-4702-B604-2BA0B960317E}.Release|Mixed Platforms.Build.0 = Release|Any CPU
	EndGlobalSection
	GlobalSection(SolutionProperties) = preSolution
		HideSolutionNode = FALSE
	EndGlobalSection
	GlobalSection(ExtensibilityGlobals) = postSolution
		SolutionGuid = {6DE74FB4-F18A-43F3-AE69-44181FC3F7FD}
	EndGlobalSection
EndGlobal
